
Microsoft Visual Studio Solution File, Format Version 12.00
# Visual Studio 15
VisualStudioVersion = 15.0.28307.1169
MinimumVisualStudioVersion = 10.0.40219.1
Project("{FAE04EC0-301F-11D3-BF4B-00C04F79EFBC}") = "MindboxMathLib", "MindboxMathLib.csproj", "{EE7E5A68-9A16-4DAE-9442-E415E823AFFF}"
EndProject
Project("{FAE04EC0-301F-11D3-BF4B-00C04F79EFBC}") = "MindboxMathLibTests", "..\MindboxMathLibTests\MindboxMathLibTests.csproj", "{A4335BC7-D512-4BC5-9563-61BA8C2562E1}"
EndProject
Global
	GlobalSection(SolutionConfigurationPlatforms) = preSolution
		Debug|Any CPU = Debug|Any CPU
		Release|Any CPU = Release|Any CPU
	EndGlobalSection
	GlobalSection(ProjectConfigurationPlatforms) = postSolution
		{EE7E5A68-9A16-4DAE-9442-E415E823AFFF}.Debug|Any CPU.ActiveCfg = Debug|Any CPU
		{EE7E5A68-9A16-4DAE-9442-E415E823AFFF}.Debug|Any CPU.Build.0 = Debug|Any CPU
		{EE7E5A68-9A16-4DAE-9442-E415E823AFFF}.Release|Any CPU.ActiveCfg = Release|Any CPU
		{EE7E5A68-9A16-4DAE-9442-E415E823AFFF}.Release|Any CPU.Build.0 = Release|Any CPU
		{A4335BC7-D512-4BC5-9563-61BA8C2562E1}.Debug|Any CPU.ActiveCfg = Debug|Any CPU
		{A4335BC7-D512-4BC5-9563-61BA8C2562E1}.Debug|Any CPU.Build.0 = Debug|Any CPU
		{A4335BC7-D512-4BC5-9563-61BA8C2562E1}.Release|Any CPU.ActiveCfg = Release|Any CPU
		{A4335BC7-D512-4BC5-9563-61BA8C2562E1}.Release|Any CPU.Build.0 = Release|Any CPU
	EndGlobalSection
	GlobalSection(SolutionProperties) = preSolution
		HideSolutionNode = FALSE
	EndGlobalSection
	GlobalSection(ExtensibilityGlobals) = postSolution
		SolutionGuid = {322F1CD1-07CE-49DD-96AC-2DFC5B0FEE32}
	EndGlobalSection
EndGlobal
